# Generated by conda-lock.
# platform: linux-64
# input_hash: 79ca35289373eeddf615bfb24a52c3953cf28e8c4d90bfa54d6df8b8e2a63558
@EXPLICIT
https://conda.anaconda.org/conda-forge/linux-64/_libgcc_mutex-0.1-conda_forge.tar.bz2#d7c89558ba9fa0495403155b64376d81
https://conda.anaconda.org/conda-forge/linux-64/ca-certificates-2023.11.17-hbcca054_0.conda#01ffc8d36f9eba0ce0b3c1955fa780ee
https://conda.anaconda.org/nvidia/linux-64/cuda-cudart-12.1.105-0.tar.bz2#001823a01c0d49300fd9622c4578eb40
https://conda.anaconda.org/nvidia/linux-64/cuda-cupti-12.1.105-0.tar.bz2#c0bfa9a714fd8099e085c70ab2ebe6ec
https://conda.anaconda.org/nvidia/linux-64/cuda-nvrtc-12.1.105-0.tar.bz2#12c15423c4eeb41fee6df3a2e5ab53ab
https://conda.anaconda.org/nvidia/linux-64/cuda-nvtx-12.1.105-0.tar.bz2#813ed3c0b687b8bb5daebf43889d8317
https://conda.anaconda.org/nvidia/linux-64/cuda-opencl-12.3.101-0.tar.bz2#591651406c8164f57ec2a4ed8dfe8ccf
https://conda.anaconda.org/conda-forge/noarch/cuda-version-11.7-h67201e3_2.conda#2845a35ef926a0d5e6835c431b0498a9
https://conda.anaconda.org/conda-forge/linux-64/ld_impl_linux-64-2.40-h41732ed_0.conda#7aca3059a1729aa76c597603f10b0dd3
https://conda.anaconda.org/nvidia/linux-64/libcublas-12.1.0.26-0.tar.bz2#74f872929a02e01ef746a064fa46a80c
https://conda.anaconda.org/nvidia/linux-64/libcufft-11.0.2.4-0.tar.bz2#b53f7ea28a363eb6d218bcbffb9d26aa
https://conda.anaconda.org/nvidia/linux-64/libcufile-1.8.1.2-0.tar.bz2#9216c3ab5eb551bb7c2c4f604b4e7614
https://conda.anaconda.org/nvidia/linux-64/libcurand-10.3.4.107-0.tar.bz2#32fc2e0379e35da7a08929a8e6030aed
https://conda.anaconda.org/nvidia/linux-64/libcusolver-11.4.4.55-0.tar.bz2#2d2fe4a7af91ec8a1eee7f1f0cf7b050
https://conda.anaconda.org/nvidia/linux-64/libcusparse-12.0.2.55-0.tar.bz2#c295ea64ea0654af0cbe833431de6daa
https://conda.anaconda.org/nvidia/linux-64/libnpp-12.0.2.50-0.tar.bz2#072e390c1e0e4909bdd7508dd6af1474
https://conda.anaconda.org/nvidia/linux-64/libnvjitlink-12.1.105-0.tar.bz2#0155acf6f5117613ba17c65d9be4f2f1
https://conda.anaconda.org/nvidia/linux-64/libnvjpeg-12.1.1.14-0.tar.bz2#4dea93d43adfd03388b31f2ae9892558
https://conda.anaconda.org/conda-forge/linux-64/libstdcxx-ng-13.2.0-h7e041cc_5.conda#f6f6600d18a4047b54f803cf708b868a
https://conda.anaconda.org/conda-forge/noarch/pybind11-abi-4-hd8ed1ab_3.tar.bz2#878f923dd6acc8aeb47a75da6c4098be
https://conda.anaconda.org/conda-forge/linux-64/python_abi-3.11-4_cp311.conda#d786502c97404c94d7d58d258a445a65
https://conda.anaconda.org/pytorch/noarch/pytorch-mutex-1.0-cuda.tar.bz2#a948316e36fb5b11223b3fcfa93f8358
https://conda.anaconda.org/conda-forge/noarch/tzdata-2023d-h0c530f3_0.conda#8dee24b8be2d9ff81e7bd4d7d97ff1b0
https://conda.anaconda.org/nvidia/linux-64/cuda-libraries-12.1.0-0.tar.bz2#8c08238819848e471a6213db526dbf15
https://conda.anaconda.org/nvidia/linux-64/cuda-runtime-12.1.0-0.tar.bz2#95e8c2f09ec28cce7cdecd6200b5d26e
https://conda.anaconda.org/pytorch/linux-64/pytorch-cuda-12.1-ha16c6d3_5.tar.bz2#ffc0937cf6ba3ffb299b0c256accc53f
https://conda.anaconda.org/conda-forge/linux-64/_openmp_mutex-4.5-2_kmp_llvm.tar.bz2#562b26ba2e19059551a811e72ab7f793
https://conda.anaconda.org/conda-forge/linux-64/libgcc-ng-13.2.0-h807b86a_5.conda#d4ff227c46917d3b4565302a2bbb276b
https://conda.anaconda.org/conda-forge/linux-64/aws-c-common-0.9.12-hd590300_0.conda#7dbb94ffb9df66406f3101625807cac1
https://conda.anaconda.org/conda-forge/linux-64/bzip2-1.0.8-hd590300_5.conda#69b8b6202a07720f448be700e300ccf4
https://conda.anaconda.org/conda-forge/linux-64/c-ares-1.26.0-hd590300_0.conda#a86d90025198fd411845fc245ebc06c8
https://conda.anaconda.org/nvidia/linux-64/cudatoolkit-11.7.0-hd8887f6_10.tar.bz2#fa317a2c53e40808fbeeeb2800519616
https://conda.anaconda.org/conda-forge/linux-64/fmt-10.2.1-h00ab1b0_0.conda#35ef8bc24bd34074ebae3c943d551728
https://conda.anaconda.org/conda-forge/linux-64/gettext-0.21.1-h27087fc_0.tar.bz2#14947d8770185e5153fdd04d4673ed37
https://conda.anaconda.org/conda-forge/linux-64/gflags-2.2.2-he1b5a44_1004.tar.bz2#cddaf2c63ea4a5901cf09524c490ecdc
https://conda.anaconda.org/conda-forge/linux-64/gmp-6.3.0-h59595ed_0.conda#0e33ef437202db431aa5a928248cf2e8
https://conda.anaconda.org/conda-forge/linux-64/icu-73.2-h59595ed_0.conda#cc47e1facc155f91abd89b11e48e72ff
https://conda.anaconda.org/conda-forge/linux-64/jpeg-9e-h166bdaf_2.tar.bz2#ee8b844357a0946870901c7c6f418268
https://conda.anaconda.org/conda-forge/linux-64/keyutils-1.6.1-h166bdaf_0.tar.bz2#30186d27e2c9fa62b45fb1476b7200e3
https://conda.anaconda.org/conda-forge/linux-64/lame-3.100-h166bdaf_1003.tar.bz2#a8832b479f93521a9e7b5b743803be51
https://conda.anaconda.org/conda-forge/linux-64/lerc-4.0.0-h27087fc_0.tar.bz2#76bbff344f0134279f225174e9064c8f
https://conda.anaconda.org/conda-forge/linux-64/libabseil-20230802.1-cxx17_h59595ed_0.conda#2785ddf4cb0e7e743477991d64353947
https://conda.anaconda.org/conda-forge/linux-64/libbrotlicommon-1.1.0-hd590300_1.conda#aec6c91c7371c26392a06708a73c70e5
https://conda.anaconda.org/conda-forge/linux-64/libcrc32c-1.1.2-h9c3ff4c_0.tar.bz2#c965a5aa0d5c1c37ffc62dff36e28400
https://conda.anaconda.org/conda-forge/linux-64/libdeflate-1.17-h0b41bf4_0.conda#5cc781fd91968b11a8a7fdbee0982676
https://conda.anaconda.org/conda-forge/linux-64/libev-4.33-hd590300_2.conda#172bf1cd1ff8629f2b1179945ed45055
https://conda.anaconda.org/conda-forge/linux-64/libexpat-2.5.0-hcb278e6_1.conda#6305a3dd2752c76335295da4e581f2fd
https://conda.anaconda.org/conda-forge/linux-64/libffi-3.4.2-h7f98852_5.tar.bz2#d645c6d2ac96843a2bfaccd2d62b3ac3
https://conda.anaconda.org/conda-forge/linux-64/libgfortran5-13.2.0-ha4646dd_5.conda#7a6bd7a12a4bd359e2afe6c0fa1acace
https://conda.anaconda.org/conda-forge/linux-64/libiconv-1.17-hd590300_2.conda#d66573916ffcf376178462f1b61c941e
https://conda.anaconda.org/pytorch/linux-64/libjpeg-turbo-2.0.0-h9bf148f_0.tar.bz2#0b3e9c9b60b181ed49c99c115fcab898
https://conda.anaconda.org/conda-forge/linux-64/libnl-3.9.0-hd590300_0.conda#d27c451db4f1d3c983c78167d2fdabc2
https://conda.anaconda.org/conda-forge/linux-64/libnsl-2.0.1-hd590300_0.conda#30fd6e37fe21f86f4bd26d6ee73eeec7
https://conda.anaconda.org/conda-forge/linux-64/libnuma-2.0.16-h0b41bf4_1.conda#28bfe2cb11357ccc5be21101a6b7ce86
https://conda.anaconda.org/conda-forge/linux-64/libutf8proc-2.8.0-h166bdaf_0.tar.bz2#ede4266dc02e875fe1ea77b25dd43747
https://conda.anaconda.org/conda-forge/linux-64/libuuid-2.38.1-h0b41bf4_0.conda#40b61aab5c7ba9ff276c41cfffe6b80b
https://conda.anaconda.org/conda-forge/linux-64/libwebp-base-1.3.2-hd590300_0.conda#30de3fd9b3b602f7473f30e684eeea8c
https://conda.anaconda.org/conda-forge/linux-64/libxcrypt-4.4.36-hd590300_1.conda#5aa797f8787fe7a17d1b0821485b5adc
https://conda.anaconda.org/conda-forge/linux-64/libzlib-1.2.13-hd590300_5.conda#f36c115f1ee199da648e0597ec2047ad
https://conda.anaconda.org/conda-forge/linux-64/lz4-c-1.9.4-hcb278e6_0.conda#318b08df404f9c9be5712aaa5a6f0bb0
https://conda.anaconda.org/conda-forge/linux-64/lzo-2.10-h516909a_1000.tar.bz2#bb14fcb13341b81d5eb386423b9d2bac
https://conda.anaconda.org/conda-forge/linux-64/ncurses-6.4-h59595ed_2.conda#7dbaa197d7ba6032caf7ae7f32c1efa0
https://conda.anaconda.org/conda-forge/linux-64/nettle-3.6-he412f7d_0.tar.bz2#f050099af540c1c960c813b06bca89ad
https://conda.anaconda.org/conda-forge/linux-64/openssl-3.2.1-hd590300_0.conda#51a753e64a3027bd7e23a189b1f6e91e
https://conda.anaconda.org/conda-forge/linux-64/pthread-stubs-0.4-h36c2ea0_1001.tar.bz2#22dad4df6e8630e8dff2428f6f6a7036
https://conda.anaconda.org/conda-forge/linux-64/reproc-14.2.4.post0-hd590300_1.conda#82ca53502dfd5a64a80dee76dae14685
https://conda.anaconda.org/conda-forge/linux-64/snappy-1.1.10-h9fff704_0.conda#e6d228cd0bb74a51dd18f5bfce0b4115
https://conda.anaconda.org/conda-forge/linux-64/xorg-libxau-1.0.11-hd590300_0.conda#2c80dc38fface310c9bd81b17037fee5
https://conda.anaconda.org/conda-forge/linux-64/xorg-libxdmcp-1.1.3-h7f98852_0.tar.bz2#be93aabceefa2fac576e971aef407908
https://conda.anaconda.org/conda-forge/linux-64/xxhash-0.8.2-hd590300_0.conda#f08fb5c89edfc4aadee1c81d4cfb1fa1
https://conda.anaconda.org/conda-forge/linux-64/xz-5.2.6-h166bdaf_0.tar.bz2#2161070d867d1b1204ea749c8eec4ef0
https://conda.anaconda.org/conda-forge/linux-64/yaml-0.2.5-h7f98852_2.tar.bz2#4cb3ad778ec2d5a7acbdf254eb1c42ae
https://conda.anaconda.org/conda-forge/linux-64/yaml-cpp-0.8.0-h59595ed_0.conda#965eaacd7c18eb8361fd12bb9e7a57d7
https://conda.anaconda.org/conda-forge/linux-64/aws-c-cal-0.6.9-h14ec70c_3.conda#7da4b84275e63f56d158d6250727a70f
https://conda.anaconda.org/conda-forge/linux-64/aws-c-compression-0.2.17-h572eabf_8.conda#cc6630010cb1211cc15fb348f7c7eb70
https://conda.anaconda.org/conda-forge/linux-64/aws-c-sdkutils-0.1.14-h572eabf_0.conda#42db61eee93a2c0f918d18bd4422d331
https://conda.anaconda.org/conda-forge/linux-64/aws-checksums-0.1.17-h572eabf_7.conda#f7323eedc2685a24661cd6b57d7ed321
https://conda.anaconda.org/conda-forge/linux-64/cudnn-8.8.0.121-hcdd5f01_4.conda#d51a9b97e9ad89deae47bec4293ad0b6
https://conda.anaconda.org/conda-forge/linux-64/expat-2.5.0-hcb278e6_1.conda#8b9b5aca60558d02ddaa09d599e55920
https://conda.anaconda.org/conda-forge/linux-64/glog-0.6.0-h6f12383_0.tar.bz2#b31f3565cb84435407594e548a2fb7b2
https://conda.anaconda.org/conda-forge/linux-64/gnutls-3.6.13-h85f3911_1.tar.bz2#7d1b6fff16c1431d96cb4934938799fd
https://conda.anaconda.org/conda-forge/linux-64/libbrotlidec-1.1.0-hd590300_1.conda#f07002e225d7a60a694d42a7bf5ff53f
https://conda.anaconda.org/conda-forge/linux-64/libbrotlienc-1.1.0-hd590300_1.conda#5fc11c6020d421960607d821310fcd4d
https://conda.anaconda.org/conda-forge/linux-64/libedit-3.1.20191231-he28a2e2_2.tar.bz2#4d331e44109e3f0e19b4cb8f9b82f3e1
https://conda.anaconda.org/conda-forge/linux-64/libevent-2.1.12-hf998b51_1.conda#a1cfcc585f0c42bf8d5546bb1dfb668d
https://conda.anaconda.org/conda-forge/linux-64/libgfortran-ng-13.2.0-h69a702a_5.conda#e73e9cfd1191783392131e6238bdb3e9
https://conda.anaconda.org/conda-forge/linux-64/libnghttp2-1.58.0-h47da74e_1.conda#700ac6ea6d53d5510591c4344d5c989a
https://conda.anaconda.org/conda-forge/linux-64/libpng-1.6.42-h2797004_0.conda#d67729828dc6ff7ba44a61062ad79880
https://conda.anaconda.org/conda-forge/linux-64/libprotobuf-4.25.1-hf27288f_0.conda#fa5eb01e989d7484fed5ca88997e892b
https://conda.anaconda.org/conda-forge/linux-64/libre2-11-2023.06.02-h7a70373_0.conda#c0e7eacd9694db3ef5ef2979a7deea70
https://conda.anaconda.org/conda-forge/linux-64/libsolv-0.7.27-hfc55251_0.conda#7dc82edcd617c399ca7fdb51d993a0c2
https://conda.anaconda.org/conda-forge/linux-64/libsqlite-3.44.2-h2797004_0.conda#3b6a9f225c3dbe0d24f4fedd4625c5bf
https://conda.anaconda.org/conda-forge/linux-64/libssh2-1.11.0-h0841786_0.conda#1f5a58e686b13bcfde88b93f547d23fe
https://conda.anaconda.org/conda-forge/linux-64/libxcb-1.13-h7f98852_1004.tar.bz2#b3653fdc58d03face9724f602218a904
https://conda.anaconda.org/conda-forge/linux-64/libxml2-2.12.4-h232c23b_1.conda#53e951fab78d7e3bab40745f7b3d1620
https://conda.anaconda.org/conda-forge/linux-64/llvm-openmp-15.0.7-h0cdce71_0.conda#589c9a3575a050b583241c3d688ad9aa
https://conda.anaconda.org/conda-forge/linux-64/mpfr-4.2.1-h9458935_0.conda#4c28f3210b30250037a4a627eeee9e0f
https://conda.anaconda.org/conda-forge/linux-64/pcre2-10.42-hcad00b1_0.conda#679c8961826aa4b50653bce17ee52abe
https://conda.anaconda.org/conda-forge/linux-64/rdma-core-50.0-hd3aeb46_0.conda#4594b391274e38f07c668acb45285a1f
https://conda.anaconda.org/conda-forge/linux-64/readline-8.2-h8228510_1.conda#47d31b792659ce70f470b5c82fdfb7a4
https://conda.anaconda.org/conda-forge/linux-64/reproc-cpp-14.2.4.post0-h59595ed_1.conda#715e1d720ec1a03715bebd237972fca5
https://conda.anaconda.org/conda-forge/linux-64/s2n-1.4.3-h06160fa_0.conda#860332295eef2ef9fef370f365ea78b4
https://conda.anaconda.org/conda-forge/linux-64/tk-8.6.13-noxft_h4845f30_101.conda#d453b98d9c83e71da0741bb0ff4d76bc
https://conda.anaconda.org/conda-forge/linux-64/zlib-1.2.13-hd590300_5.conda#68c34ec6149623be41a1933ab996a209
https://conda.anaconda.org/conda-forge/linux-64/zstd-1.5.5-hfc55251_0.conda#04b88013080254850d6c01ed54810589
https://conda.anaconda.org/conda-forge/linux-64/aws-c-io-0.14.3-h3c8c088_1.conda#12af79204e13550614bc51bb380c32e5
https://conda.anaconda.org/conda-forge/linux-64/freetype-2.12.1-h267a509_2.conda#9ae35c3d96db2c94ce0cef86efdfa2cb
https://conda.anaconda.org/conda-forge/linux-64/krb5-1.21.2-h659d440_0.conda#cd95826dbd331ed1be26bdf401432844
https://conda.anaconda.org/conda-forge/linux-64/libarchive-3.7.2-h2aa1ff5_1.conda#3bf887827d1968275978361a6e405e4f
https://conda.anaconda.org/conda-forge/linux-64/libglib-2.78.3-h783c2da_0.conda#9bd06b12bbfa6fd1740fd23af4b0f0c7
https://conda.anaconda.org/conda-forge/linux-64/libhwloc-2.9.3-default_h554bfaf_1009.conda#f36ddc11ca46958197a45effdd286e45
https://conda.anaconda.org/conda-forge/linux-64/libllvm15-15.0.7-hb3ce162_4.conda#8a35df3cbc0c8b12cc8af9473ae75eef
https://conda.anaconda.org/conda-forge/linux-64/libthrift-0.19.0-hb90f79a_1.conda#8cdb7d41faa0260875ba92414c487e2d
https://conda.anaconda.org/conda-forge/linux-64/libtiff-4.5.0-h6adf6a1_2.conda#2e648a34072eb39d7c4fc2a9981c5f0c
https://conda.anaconda.org/conda-forge/linux-64/mpc-1.3.1-hfe3b2da_0.conda#289c71e83dc0daa7d4c81f04180778ca
https://conda.anaconda.org/conda-forge/linux-64/openh264-2.1.1-h780b84a_0.tar.bz2#034a6f90f1bbc7ba11d04b84ec9d74c8
https://conda.anaconda.org/conda-forge/linux-64/orc-1.9.2-h7829240_1.conda#306ffb76ce3cdfc539d29fa5b8dd716c
https://conda.anaconda.org/conda-forge/linux-64/python-3.11.7-hab00c5b_1_cpython.conda#27cf681282c11dba7b0b1fd266e8f289
https://conda.anaconda.org/conda-forge/linux-64/re2-2023.06.02-h2873b5e_0.conda#bb2d5e593ef13fe4aff0bc9440f945ae
https://conda.anaconda.org/conda-forge/linux-64/ucx-1.15.0-h75e419f_3.conda#5baf4efbca923cdf73490c62cc7de1e2
https://conda.anaconda.org/conda-forge/noarch/archspec-0.2.2-pyhd8ed1ab_0.conda#0dc2fce00a160271714647c019e3a8a8
https://conda.anaconda.org/conda-forge/noarch/attrs-23.2.0-pyh71513ae_0.conda#5e4c0743c70186509d1412e03c2d8dfa
https://conda.anaconda.org/conda-forge/linux-64/aws-c-event-stream-0.4.1-h17cd1f3_5.conda#65d1aabc7656d7c08585efd584332235
https://conda.anaconda.org/conda-forge/linux-64/aws-c-http-0.8.0-hc6da83f_5.conda#a257c3335609a22036947f99a87ca024
https://conda.anaconda.org/conda-forge/noarch/boltons-23.1.1-pyhd8ed1ab_0.conda#56febe65315cc388a5d20adf2b39a74d
https://conda.anaconda.org/conda-forge/linux-64/brotli-python-1.1.0-py311hb755f60_1.conda#cce9e7c3f1c307f2a5fb08a2922d6164
https://conda.anaconda.org/conda-forge/noarch/certifi-2023.11.17-pyhd8ed1ab_0.conda#2011bcf45376341dd1d690263fdbc789
https://conda.anaconda.org/conda-forge/noarch/charset-normalizer-3.3.2-pyhd8ed1ab_0.conda#7f4a9e3fcff3f6356ae99244a014da6a
https://conda.anaconda.org/conda-forge/noarch/colorama-0.4.6-pyhd8ed1ab_0.tar.bz2#3faab06a954c2a04039983f2c4a50d99
https://conda.anaconda.org/conda-forge/noarch/crashtest-0.4.1-pyhd8ed1ab_0.tar.bz2#709a2295dd907bb34afb57d54320642f
https://conda.anaconda.org/conda-forge/noarch/dataclasses-0.8-pyhc8e2a94_3.tar.bz2#a362b2124b06aad102e2ee4581acee7d
https://conda.anaconda.org/conda-forge/linux-64/dbus-1.13.6-h5008d03_3.tar.bz2#ecfff944ba3960ecb334b9a2663d708d
https://conda.anaconda.org/conda-forge/noarch/dill-0.3.8-pyhd8ed1ab_0.conda#78745f157d56877a2c6e7b386f66f3e2
https://conda.anaconda.org/conda-forge/noarch/distlib-0.3.8-pyhd8ed1ab_0.conda#db16c66b759a64dc5183d69cc3745a52
https://conda.anaconda.org/conda-forge/noarch/distro-1.9.0-pyhd8ed1ab_0.conda#bbdb409974cd6cb30071b1d978302726
https://conda.anaconda.org/pytorch/linux-64/ffmpeg-4.3-hf484d3e_0.tar.bz2#0b0bf7c3d7e146ef91de5310bbf7a230
https://conda.anaconda.org/conda-forge/noarch/filelock-3.13.1-pyhd8ed1ab_0.conda#0c1729b74a8152fde6a38ba0a2ab9f45
https://conda.anaconda.org/conda-forge/linux-64/frozenlist-1.4.1-py311h459d7ec_0.conda#b267e553a337e1878512621e374845c5
https://conda.anaconda.org/conda-forge/noarch/fsspec-2023.12.2-pyhca7485f_0.conda#bf40f2a8835b78b1f91083d306b493d2
https://conda.anaconda.org/conda-forge/linux-64/gmpy2-2.1.2-py311h6a5fa03_1.tar.bz2#3515bd4a3d92bbd3cc2d25aac335e34d
https://conda.anaconda.org/conda-forge/noarch/idna-3.6-pyhd8ed1ab_0.conda#1a76f09108576397c41c0b0c5bd84134
https://conda.anaconda.org/conda-forge/noarch/jeepney-0.8.0-pyhd8ed1ab_0.tar.bz2#9800ad1699b42612478755a2d26c722d
https://conda.anaconda.org/conda-forge/linux-64/jsonpointer-2.4-py311h38be061_3.conda#41d52d822edf991bf0e6b08c1921a8ec
https://conda.anaconda.org/conda-forge/linux-64/lcms2-2.15-hfd0df8a_0.conda#aa8840cdf17ef0c6084d1e24abc7a28b
https://conda.anaconda.org/conda-forge/linux-64/libcurl-8.5.0-hca28451_0.conda#7144d5a828e2cae218e0e3c98d8a0aeb
https://conda.anaconda.org/conda-forge/linux-64/libgrpc-1.60.0-h74775cd_1.conda#e5dac7b919ed16dbcf9dc0f512cb68c0
https://conda.anaconda.org/conda-forge/linux-64/markupsafe-2.1.4-py311h459d7ec_0.conda#ee1b39a6ad0c74155593176ff3664f15
https://conda.anaconda.org/conda-forge/linux-64/menuinst-2.0.2-py311h38be061_0.conda#0f8411bb84953be39017f87223307cb8
https://conda.anaconda.org/conda-forge/noarch/more-itertools-10.2.0-pyhd8ed1ab_0.conda#d5c98e9706fdc5328d49a9bf2ce5fb42
https://conda.anaconda.org/conda-forge/noarch/mpmath-1.3.0-pyhd8ed1ab_0.conda#dbf6e2d89137da32fa6670f3bffc024e
https://conda.anaconda.org/conda-forge/linux-64/msgpack-python-1.0.7-py311h9547e67_0.conda#3ac85c6c226e2a2e4b17864fc2ca88ff
https://conda.anaconda.org/conda-forge/linux-64/multidict-6.0.4-py311h459d7ec_1.conda#3dc76316237c8f7e7231d61b76c62b7c
https://conda.anaconda.org/conda-forge/noarch/networkx-3.2.1-pyhd8ed1ab_0.conda#425fce3b531bed6ec3c74fab3e5f0a1c
https://conda.anaconda.org/conda-forge/linux-64/openjpeg-2.5.0-hfec8fc6_2.conda#5ce6a42505c6e9e6151c54c3ec8d68ea
https://conda.anaconda.org/conda-forge/noarch/packaging-23.2-pyhd8ed1ab_0.conda#79002079284aa895f883c6b7f3f88fd6
https://conda.anaconda.org/conda-forge/noarch/pkginfo-1.9.6-pyhd8ed1ab_0.conda#be1e9f1c65a1ed0f2ae9352fec99db64
https://conda.anaconda.org/conda-forge/noarch/pluggy-1.4.0-pyhd8ed1ab_0.conda#139e9feb65187e916162917bb2484976
https://conda.anaconda.org/conda-forge/noarch/poetry-core-1.8.1-pyhd8ed1ab_0.conda#a013d99ae50670b823c511f7274d2d2a
https://conda.anaconda.org/conda-forge/linux-64/psutil-5.9.8-py311h459d7ec_0.conda#9bc62d25dcf64eec484974a3123c9d57
https://conda.anaconda.org/conda-forge/noarch/ptyprocess-0.7.0-pyhd3deb0d_0.tar.bz2#359eeb6536da0e687af562ed265ec263
https://conda.anaconda.org/conda-forge/linux-64/pycosat-0.6.6-py311h459d7ec_0.conda#9a5b1fabf02c6c91da7203d7d5d53ffd
https://conda.anaconda.org/conda-forge/noarch/pycparser-2.21-pyhd8ed1ab_0.tar.bz2#076becd9e05608f8dc72757d5f3a91ff
https://conda.anaconda.org/conda-forge/noarch/pysocks-1.7.1-pyha2e5f31_6.tar.bz2#2a7de29fb590ca14b5243c4c812c8025
https://conda.anaconda.org/conda-forge/noarch/python-fastjsonschema-2.19.1-pyhd8ed1ab_0.conda#4d3ceee3af4b0f9a1f48f57176bf8625
https://conda.anaconda.org/conda-forge/noarch/python-installer-0.7.0-pyhd8ed1ab_0.conda#65dea78f903d686c8b0c2feaf0e15e1f
https://conda.anaconda.org/conda-forge/noarch/python-tzdata-2023.4-pyhd8ed1ab_0.conda#c79cacf8a06a51552fc651652f170208
https://conda.anaconda.org/conda-forge/linux-64/python-xxhash-3.4.1-py311h459d7ec_0.conda#60b5332b3989fda37884b92c7afd6a91
https://conda.anaconda.org/conda-forge/noarch/pytz-2023.4-pyhd8ed1ab_0.conda#89445e229eb2d6605be88e0908afc912
https://conda.anaconda.org/conda-forge/linux-64/pyyaml-6.0.1-py311h459d7ec_1.conda#52719a74ad130de8fb5d047dc91f247a
https://conda.anaconda.org/conda-forge/linux-64/regex-2023.12.25-py311h459d7ec_0.conda#90c12714214e3028d32a19d31af30744
https://conda.anaconda.org/conda-forge/linux-64/ruamel.yaml.clib-0.2.7-py311h459d7ec_2.conda#56bc3fe5180c0b23e05c7a5708153ac7
https://conda.anaconda.org/conda-forge/linux-64/safetensors-0.3.3-py311h46250e7_1.conda#1a1f04191eccfce868e8629e981aec6d
https://conda.anaconda.org/conda-forge/noarch/setuptools-69.0.3-pyhd8ed1ab_0.conda#40695fdfd15a92121ed2922900d0308b
https://conda.anaconda.org/conda-forge/noarch/shellingham-1.5.4-pyhd8ed1ab_0.conda#d08db09a552699ee9e7eec56b4eb3899
https://conda.anaconda.org/conda-forge/noarch/six-1.16.0-pyh6c4a22f_0.tar.bz2#e5f25f8dbc060e9a8d912e432202afc2
https://conda.anaconda.org/conda-forge/linux-64/tbb-2021.11.0-h00ab1b0_1.conda#4531d2927578e7e254ff3bcf6457518c
https://conda.anaconda.org/conda-forge/noarch/tomli-2.0.1-pyhd8ed1ab_0.tar.bz2#5844808ffab9ebdb694585b50ba02a96
https://conda.anaconda.org/conda-forge/noarch/tomlkit-0.12.3-pyha770c72_0.conda#074d0ce7a6261ab8b497c3518796ef3e
https://conda.anaconda.org/conda-forge/noarch/trove-classifiers-2024.1.8-pyhd8ed1ab_0.conda#b120d43603f9b021d252fb7754b35557
https://conda.anaconda.org/conda-forge/noarch/truststore-0.8.0-pyhd8ed1ab_0.conda#08316d001eca8854392cf2837828ea11
https://conda.anaconda.org/conda-forge/noarch/typing_extensions-4.9.0-pyha770c72_0.conda#a92a6440c3fe7052d63244f3aba2a4a7
https://conda.anaconda.org/conda-forge/noarch/wheel-0.42.0-pyhd8ed1ab_0.conda#1cdea58981c5cbc17b51973bcaddcea7
https://conda.anaconda.org/conda-forge/noarch/zipp-3.17.0-pyhd8ed1ab_0.conda#2e4d6bc0b14e10f895fc6791a7d9b26a
https://conda.anaconda.org/conda-forge/noarch/aiosignal-1.3.1-pyhd8ed1ab_0.tar.bz2#d1e1eb7e21a9e2c74279d87dafb68156
https://conda.anaconda.org/conda-forge/linux-64/aws-c-auth-0.7.14-h70caa3e_3.conda#bcf273598ba3626de3a2a33dfcc1498d
https://conda.anaconda.org/conda-forge/linux-64/aws-c-mqtt-0.10.1-h0ef3971_3.conda#5f80f11865fad4cc684f1007170df6ec
https://conda.anaconda.org/conda-forge/linux-64/cffi-1.16.0-py311hb3a22ac_0.conda#b3469563ac5e808b0cd92810d0697043
https://conda.anaconda.org/conda-forge/noarch/importlib-metadata-7.0.1-pyha770c72_0.conda#746623a787e06191d80a2133e5daff17
https://conda.anaconda.org/conda-forge/noarch/jaraco.classes-3.3.0-pyhd8ed1ab_0.conda#e9f79248d30e942f7c358ff21a1790f5
https://conda.anaconda.org/conda-forge/noarch/jinja2-3.1.3-pyhd8ed1ab_0.conda#e7d8df6509ba635247ff9aea31134262
https://conda.anaconda.org/conda-forge/noarch/jsonpatch-1.33-pyhd8ed1ab_0.conda#bfdb7c5c6ad1077c82a69a8642c87aff
https://conda.anaconda.org/conda-forge/linux-64/libgoogle-cloud-2.12.0-hef10d8f_5.conda#055e2266d27f0e2290cf0a6ad668a225
https://conda.anaconda.org/conda-forge/linux-64/libmamba-1.5.6-had39da4_0.conda#d6213d8b3abe12c556f007894752ef41
https://conda.anaconda.org/conda-forge/linux-64/mkl-2022.2.1-h84fe81f_16997.conda#a7ce56d5757f5b57e7daabe703ade5bb
https://conda.anaconda.org/conda-forge/linux-64/multiprocess-0.70.16-py311h459d7ec_0.conda#b97ca422458b9a0300d73b372d2900d6
https://conda.anaconda.org/conda-forge/noarch/pexpect-4.9.0-pyhd8ed1ab_0.conda#629f3203c99b32e0988910c93e77f3b6
https://conda.anaconda.org/conda-forge/linux-64/pillow-9.4.0-py311h50def17_1.conda#8b5d1da23907114bd7aa3d562150ff36
https://conda.anaconda.org/conda-forge/noarch/pip-23.3.2-pyhd8ed1ab_0.conda#8591c748f98dcc02253003533bc2e4b1
https://conda.anaconda.org/conda-forge/noarch/poetry-plugin-export-1.6.0-pyhd8ed1ab_0.conda#1f2184db9f337d1074b1d5769165cac9
https://conda.anaconda.org/conda-forge/noarch/pyproject_hooks-1.0.0-pyhd8ed1ab_0.conda#21de50391d584eb7f4441b9de1ad773f
https://conda.anaconda.org/conda-forge/noarch/python-dateutil-2.8.2-pyhd8ed1ab_0.tar.bz2#dd999d1cc9f79e67dbb855c8924c7984
https://conda.anaconda.org/conda-forge/linux-64/ruamel.yaml-0.18.5-py311h459d7ec_0.conda#1101ec27377f8e45d8431a5f21d744f1
https://conda.anaconda.org/conda-forge/noarch/sympy-1.12-pypyh9d50eac_103.conda#2f7d6347d7acf6edf1ac7f2189f44c8f
https://conda.anaconda.org/conda-forge/noarch/tqdm-4.66.1-pyhd8ed1ab_0.conda#03c97908b976498dcae97eb4e4f3149c
https://conda.anaconda.org/conda-forge/noarch/typing-extensions-4.9.0-hd8ed1ab_0.conda#c16524c1b7227dc80b36b4fa6f77cc86
https://conda.anaconda.org/conda-forge/noarch/urllib3-2.2.0-pyhd8ed1ab_0.conda#6a7e0694921f668a030d52f0c47baebd
https://conda.anaconda.org/conda-forge/linux-64/yarl-1.9.4-py311h459d7ec_0.conda#fff0f2058e9d86c8bf5848ee93917a8d
https://conda.anaconda.org/conda-forge/linux-64/aiohttp-3.9.1-py311h459d7ec_0.conda#a51ceb9a9219e3c11af56b2b77794839
https://conda.anaconda.org/conda-forge/linux-64/aws-c-s3-0.5.0-hb337f33_1.conda#5a79a179185e87891d43530a49fea2c6
https://conda.anaconda.org/conda-forge/linux-64/blas-1.0-mkl.tar.bz2#349aef876b1d8c9dccae01de20d5b385
https://conda.anaconda.org/conda-forge/linux-64/cryptography-42.0.2-py311hcb13ee4_0.conda#c61fd9e9fcfa599ea5a8b1de42b147a8
https://conda.anaconda.org/conda-forge/linux-64/dulwich-0.21.7-py311h459d7ec_0.conda#a50b0c00b7498cfde328e63a3e18d9d3
https://conda.anaconda.org/conda-forge/noarch/importlib_metadata-7.0.1-hd8ed1ab_0.conda#4a2f43a20fa404b998859c6a470ba316
https://conda.anaconda.org/conda-forge/linux-64/libblas-3.9.0-16_linux64_mkl.tar.bz2#85f61af03fd291dae33150ffe89dc09a
https://conda.anaconda.org/conda-forge/linux-64/libmambapy-1.5.6-py311hf2555c7_0.conda#04842346999a3214deab4313e8e7d198
https://conda.anaconda.org/conda-forge/noarch/platformdirs-3.11.0-pyhd8ed1ab_0.conda#8f567c0a74aa44cf732f15773b4083b0
https://conda.anaconda.org/conda-forge/noarch/python-build-1.0.3-pyhd8ed1ab_0.conda#d9ccabf228cb98419ca3d5694b25e1a2
https://conda.anaconda.org/conda-forge/noarch/requests-2.31.0-pyhd8ed1ab_0.conda#a30144e4156cdbb236f99ebb49828f8b
https://conda.anaconda.org/conda-forge/linux-64/zstandard-0.22.0-py311haa97af0_0.conda#d3c1c831b6cc7ddf9cf1b6dda2b5b7a6
https://conda.anaconda.org/conda-forge/linux-64/aws-crt-cpp-0.26.1-h0637f07_8.conda#dcf0d0d5d3522dd8ed1081d6fca9cca8
https://conda.anaconda.org/conda-forge/noarch/cachecontrol-0.13.1-pyhd8ed1ab_0.conda#174bd699bb5aa9e2622eb4b288276ff8
https://conda.anaconda.org/conda-forge/noarch/conda-package-streaming-0.9.0-pyhd8ed1ab_0.conda#38253361efb303deead3eab39ae9269b
https://conda.anaconda.org/huggingface/noarch/huggingface_hub-0.20.3-py_0.tar.bz2#978c43b69aa067ea992ec2dd6c9b1147
https://conda.anaconda.org/conda-forge/linux-64/libcblas-3.9.0-16_linux64_mkl.tar.bz2#361bf757b95488de76c4f123805742d3
https://conda.anaconda.org/conda-forge/linux-64/liblapack-3.9.0-16_linux64_mkl.tar.bz2#a2f166748917d6d6e4707841ca1f519e
https://conda.anaconda.org/conda-forge/noarch/requests-toolbelt-1.0.0-pyhd8ed1ab_0.conda#99c98318c8646b08cc764f90ce98906e
https://conda.anaconda.org/conda-forge/linux-64/secretstorage-3.3.3-py311h38be061_2.conda#30a57eaa8e72cb0c2c84d6d7db32010c
https://conda.anaconda.org/conda-forge/noarch/virtualenv-20.25.0-pyhd8ed1ab_0.conda#c119653cba436d8183c27bf6d190e587
https://conda.anaconda.org/conda-forge/linux-64/aws-sdk-cpp-1.11.242-h65f022c_0.conda#09b53fbd76044de441d25261840821ac
https://conda.anaconda.org/conda-forge/noarch/cachecontrol-with-filecache-0.13.1-pyhd8ed1ab_0.conda#8c4781ca0893cff3a64423954ce234a1
https://conda.anaconda.org/conda-forge/noarch/conda-package-handling-2.2.0-pyh38be061_0.conda#8a3ae7f6318376aa08ea753367bb7dd6
https://conda.anaconda.org/conda-forge/linux-64/keyring-24.3.0-py311h38be061_0.conda#09e27eb40c88f732a4e0ea5b70f63ae0
https://conda.anaconda.org/conda-forge/linux-64/numpy-1.26.3-py311h64a7726_0.conda#231eef4f33640338f64ef9ab690ba08d
https://conda.anaconda.org/conda-forge/linux-64/tokenizers-0.15.1-py311h6640629_0.conda#89d1337b3808c5e749d7a9961e668ea6
https://conda.anaconda.org/conda-forge/linux-64/libarrow-15.0.0-he2c5238_2_cpu.conda#cd7cd1c21dc42befdbb44b5afe2cd048
https://conda.anaconda.org/conda-forge/linux-64/pandas-2.2.0-py311h320fe9a_0.conda#b9e7a2cb2c47bbb99c05d1892500be45
https://conda.anaconda.org/conda-forge/linux-64/rapidfuzz-3.6.1-py311hb755f60_0.conda#815d56df3b026624305fd5ad0bb3b4fb
https://conda.anaconda.org/conda-forge/linux-64/scipy-1.12.0-py311h64a7726_2.conda#24ca5107ab75c5521067b8ba505dfae5
https://conda.anaconda.org/conda-forge/noarch/cleo-2.1.0-pyhd8ed1ab_0.conda#69569ea8a6d1465193345a40421d138b
https://conda.anaconda.org/conda-forge/linux-64/libarrow-acero-15.0.0-h59595ed_2_cpu.conda#85d3e05ea2b427e879e486f09fb8cf54
https://conda.anaconda.org/conda-forge/linux-64/libarrow-flight-15.0.0-hdc44a87_2_cpu.conda#41f4c79b79d6c13ffb7abc71ab4f0c54
https://conda.anaconda.org/conda-forge/linux-64/libarrow-gandiva-15.0.0-hacb8726_2_cpu.conda#d8415318348d02dad131144d6fc151ec
https://conda.anaconda.org/conda-forge/linux-64/libparquet-15.0.0-h352af49_2_cpu.conda#8d99909e413b67872996d46093dda024
https://conda.anaconda.org/conda-forge/linux-64/libarrow-dataset-15.0.0-h59595ed_2_cpu.conda#3cda69f7af9b2341e3ee0fb602861726
https://conda.anaconda.org/conda-forge/linux-64/libarrow-flight-sql-15.0.0-hfbc7f12_2_cpu.conda#d779a1334ac200d6e9c04ee6bfa2a6af
https://conda.anaconda.org/conda-forge/noarch/poetry-1.7.1-linux_pyha804496_0.conda#f4ead25aee9d567898e970a107bcac7e
https://conda.anaconda.org/conda-forge/linux-64/libarrow-substrait-15.0.0-hfbc7f12_2_cpu.conda#21de7bd8fd4568ccb232bc7bfbf3d112
https://conda.anaconda.org/conda-forge/linux-64/pyarrow-15.0.0-py311h39c9aba_2_cpu.conda#6c70dd512802dfc4114b2df223a883bd
https://conda.anaconda.org/conda-forge/noarch/pyarrow-hotfix-0.6-pyhd8ed1ab_0.conda#ccc06e6ef2064ae129fab3286299abda
https://conda.anaconda.org/huggingface/noarch/datasets-2.16.1-py_0.tar.bz2#0b7c493815d5292274d1fed375bc7692
https://conda.anaconda.org/conda-forge/noarch/transformers-4.37.1-pyhd8ed1ab_0.conda#d6bbbcd1b5fe59b6d1292ff4b6735de7
https://conda.anaconda.org/conda-forge/noarch/accelerate-0.26.1-pyhd8ed1ab_0.conda#7d7914a58e8086408ff3335db79b9bc6
https://conda.anaconda.org/conda-forge/linux-64/conda-23.11.0-py311h38be061_1.conda#673548baae2f1af448f06c3ddcfa896e
https://conda.anaconda.org/conda-forge/noarch/conda-libmamba-solver-24.1.0-pyhd8ed1ab_0.conda#304dc78ad6e52e0fd663df1d484c1531
https://conda.anaconda.org/conda-forge/linux-64/mamba-1.5.6-py311h3072747_0.conda#096325ada42adf7a4b8ad486cde29a7e
https://conda.anaconda.org/pytorch/linux-64/pytorch-2.2.0-py3.11_cuda12.1_cudnn8.9.2_0.tar.bz2#85002ee4f2773a1d8e60081a155ff092
https://conda.anaconda.org/pytorch/linux-64/torchaudio-2.2.0-py311_cu121.tar.bz2#400d8c8ecfc3df6f6e2f11e165b9404e
https://conda.anaconda.org/pytorch/linux-64/torchtriton-2.2.0-py311.tar.bz2#da613ad3f914b4b335de5baa5d184da3
https://conda.anaconda.org/pytorch/linux-64/torchvision-0.17.0-py311_cu121.tar.bz2#891c38daf1389b5bea9f0587f4531f32
